<?xml version="1.0" encoding="UTF-8"?>
<Project ToolsVersion="15.0" xmlns="http://schemas.microsoft.com/developer/msbuild/2003">
  <ItemGroup>
    <ClCompile Include="F:\Users\Pedro\RESPALDOWIN10\Pedro\Desarrollo\Libs\glfw\src\context.c">
      <Filter>Source Files</Filter>
    </ClCompile>
    <ClCompile Include="F:\Users\Pedro\RESPALDOWIN10\Pedro\Desarrollo\Libs\glfw\src\init.c">
      <Filter>Source Files</Filter>
    </ClCompile>
    <ClCompile Include="F:\Users\Pedro\RESPALDOWIN10\Pedro\Desarrollo\Libs\glfw\src\input.c">
      <Filter>Source Files</Filter>
    </ClCompile>
    <ClCompile Include="F:\Users\Pedro\RESPALDOWIN10\Pedro\Desarrollo\Libs\glfw\src\monitor.c">
      <Filter>Source Files</Filter>
    </ClCompile>
    <ClCompile Include="F:\Users\Pedro\RESPALDOWIN10\Pedro\Desarrollo\Libs\glfw\src\vulkan.c">
      <Filter>Source Files</Filter>
    </ClCompile>
    <ClCompile Include="F:\Users\Pedro\RESPALDOWIN10\Pedro\Desarrollo\Libs\glfw\src\window.c">
      <Filter>Source Files</Filter>
    </ClCompile>
    <ClCompile Include="F:\Users\Pedro\RESPALDOWIN10\Pedro\Desarrollo\Libs\glfw\src\win32_init.c">
      <Filter>Source Files</Filter>
    </ClCompile>
    <ClCompile Include="F:\Users\Pedro\RESPALDOWIN10\Pedro\Desarrollo\Libs\glfw\src\win32_joystick.c">
      <Filter>Source Files</Filter>
    </ClCompile>
    <ClCompile Include="F:\Users\Pedro\RESPALDOWIN10\Pedro\Desarrollo\Libs\glfw\src\win32_monitor.c">
      <Filter>Source Files</Filter>
    </ClCompile>
    <ClCompile Include="F:\Users\Pedro\RESPALDOWIN10\Pedro\Desarrollo\Libs\glfw\src\win32_time.c">
      <Filter>Source Files</Filter>
    </ClCompile>
    <ClCompile Include="F:\Users\Pedro\RESPALDOWIN10\Pedro\Desarrollo\Libs\glfw\src\win32_tls.c">
      <Filter>Source Files</Filter>
    </ClCompile>
    <ClCompile Include="F:\Users\Pedro\RESPALDOWIN10\Pedro\Desarrollo\Libs\glfw\src\win32_window.c">
      <Filter>Source Files</Filter>
    </ClCompile>
    <ClCompile Include="F:\Users\Pedro\RESPALDOWIN10\Pedro\Desarrollo\Libs\glfw\src\wgl_context.c">
      <Filter>Source Files</Filter>
    </ClCompile>
    <ClCompile Include="F:\Users\Pedro\RESPALDOWIN10\Pedro\Desarrollo\Libs\glfw\src\egl_context.c">
      <Filter>Source Files</Filter>
    </ClCompile>
  </ItemGroup>
  <ItemGroup>
    <ClInclude Include="F:\Users\Pedro\RESPALDOWIN10\Pedro\Desarrollo\Libs\glfw\src\internal.h">
      <Filter>Header Files</Filter>
    </ClInclude>
    <ClInclude Include="F:\Users\Pedro\RESPALDOWIN10\Pedro\Desarrollo\Libs\glfw\src\glfw_config.h">
      <Filter>Header Files</Filter>
    </ClInclude>
    <ClInclude Include="F:\Users\Pedro\RESPALDOWIN10\Pedro\Desarrollo\Libs\glfw\include\GLFW\glfw3.h">
      <Filter>Header Files</Filter>
    </ClInclude>
    <ClInclude Include="F:\Users\Pedro\RESPALDOWIN10\Pedro\Desarrollo\Libs\glfw\include\GLFW\glfw3native.h">
      <Filter>Header Files</Filter>
    </ClInclude>
    <ClInclude Include="F:\Users\Pedro\RESPALDOWIN10\Pedro\Desarrollo\Libs\glfw\src\win32_platform.h">
      <Filter>Header Files</Filter>
    </ClInclude>
    <ClInclude Include="F:\Users\Pedro\RESPALDOWIN10\Pedro\Desarrollo\Libs\glfw\src\win32_joystick.h">
      <Filter>Header Files</Filter>
    </ClInclude>
    <ClInclude Include="F:\Users\Pedro\RESPALDOWIN10\Pedro\Desarrollo\Libs\glfw\src\wgl_context.h">
      <Filter>Header Files</Filter>
    </ClInclude>
    <ClInclude Include="F:\Users\Pedro\RESPALDOWIN10\Pedro\Desarrollo\Libs\glfw\src\egl_context.h">
      <Filter>Header Files</Filter>
    </ClInclude>
  </ItemGroup>
  <ItemGroup>
    <CustomBuild Include="F:\Users\Pedro\RESPALDOWIN10\Pedro\Desarrollo\Libs\glfw\src\CMakeLists.txt" />
  </ItemGroup>
  <ItemGroup>
    <Filter Include="Source Files">
      <UniqueIdentifier>{38ED981C-2B09-34B5-B0EE-A6B5AF052804}</UniqueIdentifier>
    </Filter>
    <Filter Include="Header Files">
      <UniqueIdentifier>{F4E149CC-FEEB-3CB0-929A-B1D98B805F28}</UniqueIdentifier>
    </Filter>
  </ItemGroup>
</Project>
